<?xml version="1.0" encoding="utf-8"?>
<Project ToolsVersion="18.0" xmlns="http://schemas.microsoft.com/developer/msbuild/2003">
  <ItemGroup>
    <ClCompile Include="E:\MalloyStudio\build_webtest\MalloyStudio_autogen\mocs_compilation_Debug.cpp">
      <Filter>Source Files\Generated</Filter>
    </ClCompile>
    <ClCompile Include="E:\MalloyStudio\src\main.cpp">
      <Filter>Source Files</Filter>
    </ClCompile>
    <ClCompile Include="E:\MalloyStudio\src\MainWindow.cpp">
      <Filter>Source Files</Filter>
    </ClCompile>
    <ClCompile Include="E:\MalloyStudio\src\ui\ControlsBar.cpp">
      <Filter>Source Files</Filter>
    </ClCompile>
    <ClCompile Include="E:\MalloyStudio\src\ui\AudioMixerPanel.cpp">
      <Filter>Source Files</Filter>
    </ClCompile>
    <ClCompile Include="E:\MalloyStudio\src\ui\VuMeter.cpp">
      <Filter>Source Files</Filter>
    </ClCompile>
    <ClCompile Include="E:\MalloyStudio\src\ui\OutputSettingsDialog.cpp">
      <Filter>Source Files</Filter>
    </ClCompile>
    <ClCompile Include="E:\MalloyStudio\src\ui\StreamSettingsDialog.cpp">
      <Filter>Source Files</Filter>
    </ClCompile>
    <ClCompile Include="E:\MalloyStudio\src\ui\HotkeysDialog.cpp">
      <Filter>Source Files</Filter>
    </ClCompile>
    <ClCompile Include="E:\MalloyStudio\src\ui\PreviewWidget.cpp">
      <Filter>Source Files</Filter>
    </ClCompile>
    <ClCompile Include="E:\MalloyStudio\src\ui\ScenesPanel.cpp">
      <Filter>Source Files</Filter>
    </ClCompile>
    <ClCompile Include="E:\MalloyStudio\src\ui\SourcesPanel.cpp">
      <Filter>Source Files</Filter>
    </ClCompile>
    <ClCompile Include="E:\MalloyStudio\src\ui\InspectorPanel.cpp">
      <Filter>Source Files</Filter>
    </ClCompile>
    <ClCompile Include="E:\MalloyStudio\src\ui\MonitorPickerDialog.cpp">
      <Filter>Source Files</Filter>
    </ClCompile>
    <ClCompile Include="E:\MalloyStudio\src\ui\WindowPickerDialog.cpp">
      <Filter>Source Files</Filter>
    </ClCompile>
    <ClCompile Include="E:\MalloyStudio\src\capture\DxgiCapture.cpp">
      <Filter>Source Files</Filter>
    </ClCompile>
    <ClCompile Include="E:\MalloyStudio\src\capture\CaptureController.cpp">
      <Filter>Source Files</Filter>
    </ClCompile>
    <ClCompile Include="E:\MalloyStudio\src\capture\WindowCapture.cpp">
      <Filter>Source Files</Filter>
    </ClCompile>
    <ClCompile Include="E:\MalloyStudio\src\capture\WindowCaptureSession.cpp">
      <Filter>Source Files</Filter>
    </ClCompile>
    <ClCompile Include="E:\MalloyStudio\src\capture\WasapiCapture.cpp">
      <Filter>Source Files</Filter>
    </ClCompile>
    <ClCompile Include="E:\MalloyStudio\src\audio\AudioController.cpp">
      <Filter>Source Files</Filter>
    </ClCompile>
    <ClCompile Include="E:\MalloyStudio\src\recording\EncoderPipeline.cpp">
      <Filter>Source Files</Filter>
    </ClCompile>
    <ClCompile Include="E:\MalloyStudio\src\recording\StreamingPipeline.cpp">
      <Filter>Source Files</Filter>
    </ClCompile>
    <ClCompile Include="E:\MalloyStudio\src\recording\StreamSettings.cpp">
      <Filter>Source Files</Filter>
    </ClCompile>
    <ClCompile Include="E:\MalloyStudio\src\recording\MediaController.cpp">
      <Filter>Source Files</Filter>
    </ClCompile>
    <ClCompile Include="E:\MalloyStudio\src\recording\RingTimedFrameSource.cpp">
      <Filter>Source Files</Filter>
    </ClCompile>
    <ClCompile Include="E:\MalloyStudio\src\recording\RingTimedPcmSource.cpp">
      <Filter>Source Files</Filter>
    </ClCompile>
    <ClCompile Include="E:\MalloyStudio\src\recording\EncoderRegistry.cpp">
      <Filter>Source Files</Filter>
    </ClCompile>
    <ClCompile Include="E:\MalloyStudio\src\input\HotkeyManager.cpp">
      <Filter>Source Files</Filter>
    </ClCompile>
    <ClCompile Include="E:\MalloyStudio\src\project\ProjectDocument.cpp">
      <Filter>Source Files</Filter>
    </ClCompile>
    <ClCompile Include="E:\MalloyStudio\src\model\FilterEffect.cpp">
      <Filter>Source Files</Filter>
    </ClCompile>
    <ClCompile Include="E:\MalloyStudio\src\model\Scene.cpp">
      <Filter>Source Files</Filter>
    </ClCompile>
    <ClCompile Include="E:\MalloyStudio\src\model\SceneItem.cpp">
      <Filter>Source Files</Filter>
    </ClCompile>
    <ClCompile Include="E:\MalloyStudio\src\model\Source.cpp">
      <Filter>Source Files</Filter>
    </ClCompile>
    <ClCompile Include="E:\MalloyStudio\src\model\SceneCollection.cpp">
      <Filter>Source Files</Filter>
    </ClCompile>
    <ClCompile Include="E:\MalloyStudio\build_webtest\MalloyStudio_autogen\mocs_compilation_Release.cpp">
      <Filter>Source Files\Generated</Filter>
    </ClCompile>
    <ClCompile Include="E:\MalloyStudio\build_webtest\MalloyStudio_autogen\mocs_compilation_MinSizeRel.cpp">
      <Filter>Source Files\Generated</Filter>
    </ClCompile>
    <ClCompile Include="E:\MalloyStudio\build_webtest\MalloyStudio_autogen\mocs_compilation_RelWithDebInfo.cpp">
      <Filter>Source Files\Generated</Filter>
    </ClCompile>
  </ItemGroup>
  <ItemGroup>
    <ClInclude Include="E:\MalloyStudio\src\MainWindow.h">
      <Filter>Header Files</Filter>
    </ClInclude>
    <ClInclude Include="E:\MalloyStudio\src\ui\ControlsBar.h">
      <Filter>Header Files</Filter>
    </ClInclude>
    <ClInclude Include="E:\MalloyStudio\src\ui\AudioMixerPanel.h">
      <Filter>Header Files</Filter>
    </ClInclude>
    <ClInclude Include="E:\MalloyStudio\src\ui\VuMeter.h">
      <Filter>Header Files</Filter>
    </ClInclude>
    <ClInclude Include="E:\MalloyStudio\src\ui\OutputSettingsDialog.h">
      <Filter>Header Files</Filter>
    </ClInclude>
    <ClInclude Include="E:\MalloyStudio\src\ui\StreamSettingsDialog.h">
      <Filter>Header Files</Filter>
    </ClInclude>
    <ClInclude Include="E:\MalloyStudio\src\ui\HotkeysDialog.h">
      <Filter>Header Files</Filter>
    </ClInclude>
    <ClInclude Include="E:\MalloyStudio\src\ui\PreviewWidget.h">
      <Filter>Header Files</Filter>
    </ClInclude>
    <ClInclude Include="E:\MalloyStudio\src\ui\ScenesPanel.h">
      <Filter>Header Files</Filter>
    </ClInclude>
    <ClInclude Include="E:\MalloyStudio\src\ui\SourcesPanel.h">
      <Filter>Header Files</Filter>
    </ClInclude>
    <ClInclude Include="E:\MalloyStudio\src\ui\InspectorPanel.h">
      <Filter>Header Files</Filter>
    </ClInclude>
    <ClInclude Include="E:\MalloyStudio\src\ui\MonitorPickerDialog.h">
      <Filter>Header Files</Filter>
    </ClInclude>
    <ClInclude Include="E:\MalloyStudio\src\ui\WindowPickerDialog.h">
      <Filter>Header Files</Filter>
    </ClInclude>
    <ClInclude Include="E:\MalloyStudio\src\capture\DxgiCapture.h">
      <Filter>Header Files</Filter>
    </ClInclude>
    <ClInclude Include="E:\MalloyStudio\src\capture\CaptureController.h">
      <Filter>Header Files</Filter>
    </ClInclude>
    <ClInclude Include="E:\MalloyStudio\src\capture\MonitorInfo.h">
      <Filter>Header Files</Filter>
    </ClInclude>
    <ClInclude Include="E:\MalloyStudio\src\capture\WindowCapture.h">
      <Filter>Header Files</Filter>
    </ClInclude>
    <ClInclude Include="E:\MalloyStudio\src\capture\WindowCaptureSession.h">
      <Filter>Header Files</Filter>
    </ClInclude>
    <ClInclude Include="E:\MalloyStudio\src\capture\WasapiCapture.h">
      <Filter>Header Files</Filter>
    </ClInclude>
    <ClInclude Include="E:\MalloyStudio\src\audio\AudioController.h">
      <Filter>Header Files</Filter>
    </ClInclude>
    <ClInclude Include="E:\MalloyStudio\src\audio\AudioInput.h">
      <Filter>Header Files</Filter>
    </ClInclude>
    <ClInclude Include="E:\MalloyStudio\src\media\TimedSource.h">
      <Filter>Header Files</Filter>
    </ClInclude>
    <ClInclude Include="E:\MalloyStudio\src\recording\OutputSettings.h">
      <Filter>Header Files</Filter>
    </ClInclude>
    <ClInclude Include="E:\MalloyStudio\src\recording\EncoderPipeline.h">
      <Filter>Header Files</Filter>
    </ClInclude>
    <ClInclude Include="E:\MalloyStudio\src\recording\StreamingPipeline.h">
      <Filter>Header Files</Filter>
    </ClInclude>
    <ClInclude Include="E:\MalloyStudio\src\recording\StreamSettings.h">
      <Filter>Header Files</Filter>
    </ClInclude>
    <ClInclude Include="E:\MalloyStudio\src\recording\MediaController.h">
      <Filter>Header Files</Filter>
    </ClInclude>
    <ClInclude Include="E:\MalloyStudio\src\recording\RingTimedFrameSource.h">
      <Filter>Header Files</Filter>
    </ClInclude>
    <ClInclude Include="E:\MalloyStudio\src\recording\RingTimedPcmSource.h">
      <Filter>Header Files</Filter>
    </ClInclude>
    <ClInclude Include="E:\MalloyStudio\src\recording\EncoderRegistry.h">
      <Filter>Header Files</Filter>
    </ClInclude>
    <ClInclude Include="E:\MalloyStudio\src\input\HotkeyManager.h">
      <Filter>Header Files</Filter>
    </ClInclude>
    <ClInclude Include="E:\MalloyStudio\src\project\ProjectDocument.h">
      <Filter>Header Files</Filter>
    </ClInclude>
    <ClInclude Include="E:\MalloyStudio\src\model\Canvas.h">
      <Filter>Header Files</Filter>
    </ClInclude>
    <ClInclude Include="E:\MalloyStudio\src\model\FilterEffect.h">
      <Filter>Header Files</Filter>
    </ClInclude>
    <ClInclude Include="E:\MalloyStudio\src\model\Scene.h">
      <Filter>Header Files</Filter>
    </ClInclude>
    <ClInclude Include="E:\MalloyStudio\src\model\SceneItem.h">
      <Filter>Header Files</Filter>
    </ClInclude>
    <ClInclude Include="E:\MalloyStudio\src\model\Source.h">
      <Filter>Header Files</Filter>
    </ClInclude>
    <ClInclude Include="E:\MalloyStudio\src\model\SceneCollection.h">
      <Filter>Header Files</Filter>
    </ClInclude>
  </ItemGroup>
  <ItemGroup>
    <CustomBuild Include="E:\MalloyStudio\CMakeLists.txt" />
  </ItemGroup>
  <ItemGroup>
    <Filter Include="Header Files">
      <UniqueIdentifier>{6A7D121D-81FA-358D-BC78-7AB2ABFFEE66}</UniqueIdentifier>
    </Filter>
    <Filter Include="Source Files">
      <UniqueIdentifier>{C42B955F-C899-33AA-9019-9BB0EFA76B66}</UniqueIdentifier>
    </Filter>
    <Filter Include="Source Files\Generated">
      <UniqueIdentifier>{0C60136D-4E90-3EAD-B9B7-B0AFEE17E3A8}</UniqueIdentifier>
    </Filter>
  </ItemGroup>
</Project>
